
Microsoft Visual Studio Solution File, Format Version 12.00
# Visual Studio Version 17
VisualStudioVersion = 17.6.33801.468
MinimumVisualStudioVersion = 10.0.40219.1
Project("{FAE04EC0-301F-11D3-BF4B-00C04F79EFBC}") = "WebApi", "WebApi\WebApi.csproj", "{305B232D-98DC-4AD3-ADC4-3440B7A914B5}"
EndProject
Global
	GlobalSection(SolutionConfigurationPlatforms) = preSolution
		Debug|Any CPU = Debug|Any CPU
		Release|Any CPU = Release|Any CPU
	EndGlobalSection
	GlobalSection(ProjectConfigurationPlatforms) = postSolution
		{305B232D-98DC-4AD3-ADC4-3440B7A914B5}.Debug|Any CPU.ActiveCfg = Debug|Any CPU
		{305B232D-98DC-4AD3-ADC4-3440B7A914B5}.Debug|Any CPU.Build.0 = Debug|Any CPU
		{305B232D-98DC-4AD3-ADC4-3440B7A914B5}.Release|Any CPU.ActiveCfg = Release|Any CPU
		{305B232D-98DC-4AD3-ADC4-3440B7A914B5}.Release|Any CPU.Build.0 = Release|Any CPU
	EndGlobalSection
	GlobalSection(SolutionProperties) = preSolution
		HideSolutionNode = FALSE
	EndGlobalSection
	GlobalSection(ExtensibilityGlobals) = postSolution
		SolutionGuid = {61F25B86-C0D2-4F92-BB77-FD04D4E084A2}
	EndGlobalSection
EndGlobal
